
Microsoft Visual Studio Solution File, Format Version 12.00
# Visual Studio Version 17
VisualStudioVersion = 17.3.32901.215
MinimumVisualStudioVersion = 10.0.40219.1
Project("{FAE04EC0-301F-11D3-BF4B-00C04F79EFBC}") = "ThirdPartyColorPicker", "ThirdPartyColorPicker\ThirdPartyColorPicker.csproj", "{9C8D5F21-AE66-4AED-9573-703E8ACB9AE3}"
EndProject
Global
	GlobalSection(SolutionConfigurationPlatforms) = preSolution
		Debug|Any CPU = Debug|Any CPU
		Release|Any CPU = Release|Any CPU
	EndGlobalSection
	GlobalSection(ProjectConfigurationPlatforms) = postSolution
		{9C8D5F21-AE66-4AED-9573-703E8ACB9AE3}.Debug|Any CPU.ActiveCfg = Debug|Any CPU
		{9C8D5F21-AE66-4AED-9573-703E8ACB9AE3}.Debug|Any CPU.Build.0 = Debug|Any CPU
		{9C8D5F21-AE66-4AED-9573-703E8ACB9AE3}.Release|Any CPU.ActiveCfg = Release|Any CPU
		{9C8D5F21-AE66-4AED-9573-703E8ACB9AE3}.Release|Any CPU.Build.0 = Release|Any CPU
	EndGlobalSection
	GlobalSection(SolutionProperties) = preSolution
		HideSolutionNode = FALSE
	EndGlobalSection
	GlobalSection(ExtensibilityGlobals) = postSolution
		SolutionGuid = {21D2EDE2-5582-4DED-856B-0F5F6E651C92}
	EndGlobalSection
EndGlobal
