
Microsoft Visual Studio Solution File, Format Version 12.00
# Visual Studio Version 17
VisualStudioVersion = 17.3.32901.215
MinimumVisualStudioVersion = 10.0.40219.1
Project("{FAE04EC0-301F-11D3-BF4B-00C04F79EFBC}") = "BasicSample", "BasicSample\BasicSample.csproj", "{28F6C39C-964C-4A60-AD97-1C67D7D7A80C}"
EndProject
Global
	GlobalSection(SolutionConfigurationPlatforms) = preSolution
		Debug|Any CPU = Debug|Any CPU
		Release|Any CPU = Release|Any CPU
	EndGlobalSection
	GlobalSection(ProjectConfigurationPlatforms) = postSolution
		{28F6C39C-964C-4A60-AD97-1C67D7D7A80C}.Debug|Any CPU.ActiveCfg = Debug|Any CPU
		{28F6C39C-964C-4A60-AD97-1C67D7D7A80C}.Debug|Any CPU.Build.0 = Debug|Any CPU
		{28F6C39C-964C-4A60-AD97-1C67D7D7A80C}.Release|Any CPU.ActiveCfg = Release|Any CPU
		{28F6C39C-964C-4A60-AD97-1C67D7D7A80C}.Release|Any CPU.Build.0 = Release|Any CPU
	EndGlobalSection
	GlobalSection(SolutionProperties) = preSolution
		HideSolutionNode = FALSE
	EndGlobalSection
	GlobalSection(ExtensibilityGlobals) = postSolution
		SolutionGuid = {A9A073BF-954D-4C5C-A3F7-84D3F1019F9C}
	EndGlobalSection
EndGlobal
