
Microsoft Visual Studio Solution File, Format Version 12.00
# Visual Studio Version 17
VisualStudioVersion = 17.3.32901.215
MinimumVisualStudioVersion = 10.0.40219.1
Project("{2150E333-8FDC-42A3-9474-1A3956D46DE8}") = "src", "src", "{D0829DE7-7CC4-4CDF-8234-6161E8DFEBEE}"
EndProject
Project("{9A19103F-16F7-4668-BE54-9A1E7A4F7556}") = "Vx.Wpf.Core", "Vx.Wpf.Core\Vx.Wpf.Core.csproj", "{D8F81702-0A31-4A4E-B522-9D1247763D5E}"
EndProject
Project("{9A19103F-16F7-4668-BE54-9A1E7A4F7556}") = "Vx.Wpf.SourceGenerator", "Vx.Wpf.SourceGenerator\Vx.Wpf.SourceGenerator.csproj", "{4833CF47-60BD-45DF-BFE3-628A842F97DE}"
EndProject
Project("{9A19103F-16F7-4668-BE54-9A1E7A4F7556}") = "Vx.Wpf", "Vx.Wpf\Vx.Wpf.csproj", "{8D76B2F9-4E29-40DC-8FD0-AA8EFAD95847}"
EndProject
Global
	GlobalSection(SolutionConfigurationPlatforms) = preSolution
		Debug|Any CPU = Debug|Any CPU
		Release|Any CPU = Release|Any CPU
	EndGlobalSection
	GlobalSection(ProjectConfigurationPlatforms) = postSolution
		{D8F81702-0A31-4A4E-B522-9D1247763D5E}.Debug|Any CPU.ActiveCfg = Debug|Any CPU
		{D8F81702-0A31-4A4E-B522-9D1247763D5E}.Debug|Any CPU.Build.0 = Debug|Any CPU
		{D8F81702-0A31-4A4E-B522-9D1247763D5E}.Release|Any CPU.ActiveCfg = Release|Any CPU
		{D8F81702-0A31-4A4E-B522-9D1247763D5E}.Release|Any CPU.Build.0 = Release|Any CPU
		{4833CF47-60BD-45DF-BFE3-628A842F97DE}.Debug|Any CPU.ActiveCfg = Debug|Any CPU
		{4833CF47-60BD-45DF-BFE3-628A842F97DE}.Debug|Any CPU.Build.0 = Debug|Any CPU
		{4833CF47-60BD-45DF-BFE3-628A842F97DE}.Release|Any CPU.ActiveCfg = Release|Any CPU
		{4833CF47-60BD-45DF-BFE3-628A842F97DE}.Release|Any CPU.Build.0 = Release|Any CPU
		{8D76B2F9-4E29-40DC-8FD0-AA8EFAD95847}.Debug|Any CPU.ActiveCfg = Debug|Any CPU
		{8D76B2F9-4E29-40DC-8FD0-AA8EFAD95847}.Debug|Any CPU.Build.0 = Debug|Any CPU
		{8D76B2F9-4E29-40DC-8FD0-AA8EFAD95847}.Release|Any CPU.ActiveCfg = Release|Any CPU
		{8D76B2F9-4E29-40DC-8FD0-AA8EFAD95847}.Release|Any CPU.Build.0 = Release|Any CPU
	EndGlobalSection
	GlobalSection(SolutionProperties) = preSolution
		HideSolutionNode = FALSE
	EndGlobalSection
	GlobalSection(NestedProjects) = preSolution
		{D8F81702-0A31-4A4E-B522-9D1247763D5E} = {D0829DE7-7CC4-4CDF-8234-6161E8DFEBEE}
		{4833CF47-60BD-45DF-BFE3-628A842F97DE} = {D0829DE7-7CC4-4CDF-8234-6161E8DFEBEE}
		{8D76B2F9-4E29-40DC-8FD0-AA8EFAD95847} = {D0829DE7-7CC4-4CDF-8234-6161E8DFEBEE}
	EndGlobalSection
	GlobalSection(ExtensibilityGlobals) = postSolution
		SolutionGuid = {826A1340-561D-4257-84B1-CDF133CC237E}
	EndGlobalSection
EndGlobal
